
Microsoft Visual Studio Solution File, Format Version 12.00
Project("{FAE04EC0-301F-11D3-BF4B-00C04F79EFBC}") = "Migration", "Migration.csproj", "{064D1651-2E51-4289-9DF7-A5E22CAC4691}"
EndProject
Global
	GlobalSection(SolutionConfigurationPlatforms) = preSolution
		Debug|Any CPU = Debug|Any CPU
		Release|Any CPU = Release|Any CPU
	EndGlobalSection
	GlobalSection(ProjectConfigurationPlatforms) = postSolution
		{064D1651-2E51-4289-9DF7-A5E22CAC4691}.Debug|Any CPU.ActiveCfg = Debug|Any CPU
		{064D1651-2E51-4289-9DF7-A5E22CAC4691}.Debug|Any CPU.Build.0 = Debug|Any CPU
		{064D1651-2E51-4289-9DF7-A5E22CAC4691}.Release|Any CPU.ActiveCfg = Release|Any CPU
		{064D1651-2E51-4289-9DF7-A5E22CAC4691}.Release|Any CPU.Build.0 = Release|Any CPU
	EndGlobalSection
EndGlobal
